// !$*UTF8*$!
{
	archiveVersion = 1;
	classes = {
	};
	objectVersion = 56;
	objects = {

/* Begin PBXBuildFile section */
		0C1E45D7296790A900936E52 /* LoginScreen.swift in Sources */ = {isa = PBXBuildFile; fileRef = 0C1E45D6296790A900936E52 /* LoginScreen.swift */; };
		0C1E45DA2967927900936E52 /* RealmManager.swift in Sources */ = {isa = PBXBuildFile; fileRef = 0C1E45D92967927900936E52 /* RealmManager.swift */; };
		0C1E45DD296795F200936E52 /* Realm in Frameworks */ = {isa = PBXBuildFile; productRef = 0C1E45DC296795F200936E52 /* Realm */; };
		0C1E45DF296795F200936E52 /* RealmSwift in Frameworks */ = {isa = PBXBuildFile; productRef = 0C1E45DE296795F200936E52 /* RealmSwift */; };
		0C1E45E129679E8000936E52 /* LoginStore.swift in Sources */ = {isa = PBXBuildFile; fileRef = 0C1E45E029679E8000936E52 /* LoginStore.swift */; };
		0C1E45E32967A1C300936E52 /* ContentStore.swift in Sources */ = {isa = PBXBuildFile; fileRef = 0C1E45E22967A1C300936E52 /* ContentStore.swift */; };
		0C41F494296F548200ED2D83 /* LandmarkMarker.swift in Sources */ = {isa = PBXBuildFile; fileRef = 0C41F493296F548200ED2D83 /* LandmarkMarker.swift */; };
		0CB2FB6429683DBC002EE069 /* DiscoverBrno.mlmodel in Sources */ = {isa = PBXBuildFile; fileRef = 0CB2FB6329683DBC002EE069 /* DiscoverBrno.mlmodel */; };
		0CB3B9F129701252000CE1FD /* MapPopupView.swift in Sources */ = {isa = PBXBuildFile; fileRef = 0CB3B9F029701252000CE1FD /* MapPopupView.swift */; };
		0CB3B9F529703AF1000CE1FD /* MapView.swift in Sources */ = {isa = PBXBuildFile; fileRef = 0CB3B9F429703AF1000CE1FD /* MapView.swift */; };
		0CB3B9F729705220000CE1FD /* ImagePicker.swift in Sources */ = {isa = PBXBuildFile; fileRef = 0CB3B9F629705220000CE1FD /* ImagePicker.swift */; };
		0CB3B9FA297054E8000CE1FD /* ImageRecognitionScreen.swift in Sources */ = {isa = PBXBuildFile; fileRef = 0CB3B9F9297054E8000CE1FD /* ImageRecognitionScreen.swift */; };
		0CB3B9FC2970554C000CE1FD /* ImageRecognitionStore.swift in Sources */ = {isa = PBXBuildFile; fileRef = 0CB3B9FB2970554C000CE1FD /* ImageRecognitionStore.swift */; };
		0CB3B9FE29706411000CE1FD /* UIImageExtensions.swift in Sources */ = {isa = PBXBuildFile; fileRef = 0CB3B9FD29706411000CE1FD /* UIImageExtensions.swift */; };
		0CB5A65A296EBE7F00D5A6CC /* RegistrationScreen.swift in Sources */ = {isa = PBXBuildFile; fileRef = 0CB5A659296EBE7F00D5A6CC /* RegistrationScreen.swift */; };
		0CB5A65C296EBE8700D5A6CC /* RegistrationStore.swift in Sources */ = {isa = PBXBuildFile; fileRef = 0CB5A65B296EBE8700D5A6CC /* RegistrationStore.swift */; };
		0CB5A65F296EC22900D5A6CC /* EmailValidator.swift in Sources */ = {isa = PBXBuildFile; fileRef = 0CB5A65E296EC22900D5A6CC /* EmailValidator.swift */; };
		0CB5A661296EC6B800D5A6CC /* AuthenticationError.swift in Sources */ = {isa = PBXBuildFile; fileRef = 0CB5A660296EC6B800D5A6CC /* AuthenticationError.swift */; };
		0CB5A663296ED31100D5A6CC /* HomeScreen.swift in Sources */ = {isa = PBXBuildFile; fileRef = 0CB5A662296ED31100D5A6CC /* HomeScreen.swift */; };
		0CB5A665296ED33900D5A6CC /* DiscoveredListScreen.swift in Sources */ = {isa = PBXBuildFile; fileRef = 0CB5A664296ED33900D5A6CC /* DiscoveredListScreen.swift */; };
		0CB5A667296ED36900D5A6CC /* MapScreen.swift in Sources */ = {isa = PBXBuildFile; fileRef = 0CB5A666296ED36900D5A6CC /* MapScreen.swift */; };
		0CB5A66A296ED51D00D5A6CC /* CustomLocationManager.swift in Sources */ = {isa = PBXBuildFile; fileRef = 0CB5A669296ED51D00D5A6CC /* CustomLocationManager.swift */; };
		0CB5A66C296ED5A100D5A6CC /* MapStore.swift in Sources */ = {isa = PBXBuildFile; fileRef = 0CB5A66B296ED5A100D5A6CC /* MapStore.swift */; };
		0CB5A670296F180400D5A6CC /* BrnoLocation.swift in Sources */ = {isa = PBXBuildFile; fileRef = 0CB5A66F296F180400D5A6CC /* BrnoLocation.swift */; };
		0CBA39A7296DC3300087F023 /* DiscoverableLandmark.swift in Sources */ = {isa = PBXBuildFile; fileRef = 0CBA39A6296DC3300087F023 /* DiscoverableLandmark.swift */; };
		0CBA39AB296DC4A70087F023 /* DiscoveredLandmark.swift in Sources */ = {isa = PBXBuildFile; fileRef = 0CBA39AA296DC4A70087F023 /* DiscoveredLandmark.swift */; };
		0CBA39AD296DD0B00087F023 /* DiContainer.swift in Sources */ = {isa = PBXBuildFile; fileRef = 0CBA39AC296DD0B00087F023 /* DiContainer.swift */; };
		0CF2120429673747001BBC8D /* DiscoverBrnoApp.swift in Sources */ = {isa = PBXBuildFile; fileRef = 0CF2120329673747001BBC8D /* DiscoverBrnoApp.swift */; };
		0CF2120629673747001BBC8D /* ContentView.swift in Sources */ = {isa = PBXBuildFile; fileRef = 0CF2120529673747001BBC8D /* ContentView.swift */; };
		0CF2120829673748001BBC8D /* Assets.xcassets in Resources */ = {isa = PBXBuildFile; fileRef = 0CF2120729673748001BBC8D /* Assets.xcassets */; };
		0CF2120B29673748001BBC8D /* Preview Assets.xcassets in Resources */ = {isa = PBXBuildFile; fileRef = 0CF2120A29673748001BBC8D /* Preview Assets.xcassets */; };
		0CF2121529673748001BBC8D /* DiscoverBrnoTests.swift in Sources */ = {isa = PBXBuildFile; fileRef = 0CF2121429673748001BBC8D /* DiscoverBrnoTests.swift */; };
		0CF2121F29673748001BBC8D /* DiscoverBrnoUITests.swift in Sources */ = {isa = PBXBuildFile; fileRef = 0CF2121E29673748001BBC8D /* DiscoverBrnoUITests.swift */; };
		0CF2122129673748001BBC8D /* DiscoverBrnoUITestsLaunchTests.swift in Sources */ = {isa = PBXBuildFile; fileRef = 0CF2122029673748001BBC8D /* DiscoverBrnoUITestsLaunchTests.swift */; };
/* End PBXBuildFile section */

/* Begin PBXContainerItemProxy section */
		0CF2121129673748001BBC8D /* PBXContainerItemProxy */ = {
			isa = PBXContainerItemProxy;
			containerPortal = 0CF211F829673747001BBC8D /* Project object */;
			proxyType = 1;
			remoteGlobalIDString = 0CF211FF29673747001BBC8D;
			remoteInfo = DiscoverBrno;
		};
		0CF2121B29673748001BBC8D /* PBXContainerItemProxy */ = {
			isa = PBXContainerItemProxy;
			containerPortal = 0CF211F829673747001BBC8D /* Project object */;
			proxyType = 1;
			remoteGlobalIDString = 0CF211FF29673747001BBC8D;
			remoteInfo = DiscoverBrno;
		};
/* End PBXContainerItemProxy section */

/* Begin PBXFileReference section */
		0C1E45D6296790A900936E52 /* LoginScreen.swift */ = {isa = PBXFileReference; lastKnownFileType = sourcecode.swift; path = LoginScreen.swift; sourceTree = "<group>"; };
		0C1E45D92967927900936E52 /* RealmManager.swift */ = {isa = PBXFileReference; lastKnownFileType = sourcecode.swift; path = RealmManager.swift; sourceTree = "<group>"; };
		0C1E45E029679E8000936E52 /* LoginStore.swift */ = {isa = PBXFileReference; lastKnownFileType = sourcecode.swift; path = LoginStore.swift; sourceTree = "<group>"; };
		0C1E45E22967A1C300936E52 /* ContentStore.swift */ = {isa = PBXFileReference; lastKnownFileType = sourcecode.swift; path = ContentStore.swift; sourceTree = "<group>"; };
		0C41F493296F548200ED2D83 /* LandmarkMarker.swift */ = {isa = PBXFileReference; lastKnownFileType = sourcecode.swift; path = LandmarkMarker.swift; sourceTree = "<group>"; };
		0CB2FB6329683DBC002EE069 /* DiscoverBrno.mlmodel */ = {isa = PBXFileReference; lastKnownFileType = file.mlmodel; name = DiscoverBrno.mlmodel; path = ../../../../DiscoverBrno.mlmodel; sourceTree = "<group>"; };
		0CB3B9F029701252000CE1FD /* MapPopupView.swift */ = {isa = PBXFileReference; lastKnownFileType = sourcecode.swift; path = MapPopupView.swift; sourceTree = "<group>"; };
		0CB3B9F429703AF1000CE1FD /* MapView.swift */ = {isa = PBXFileReference; lastKnownFileType = sourcecode.swift; path = MapView.swift; sourceTree = "<group>"; };
		0CB3B9F629705220000CE1FD /* ImagePicker.swift */ = {isa = PBXFileReference; lastKnownFileType = sourcecode.swift; path = ImagePicker.swift; sourceTree = "<group>"; };
		0CB3B9F9297054E8000CE1FD /* ImageRecognitionScreen.swift */ = {isa = PBXFileReference; lastKnownFileType = sourcecode.swift; path = ImageRecognitionScreen.swift; sourceTree = "<group>"; };
		0CB3B9FB2970554C000CE1FD /* ImageRecognitionStore.swift */ = {isa = PBXFileReference; lastKnownFileType = sourcecode.swift; path = ImageRecognitionStore.swift; sourceTree = "<group>"; };
		0CB3B9FD29706411000CE1FD /* UIImageExtensions.swift */ = {isa = PBXFileReference; lastKnownFileType = sourcecode.swift; path = UIImageExtensions.swift; sourceTree = "<group>"; };
		0CB5A659296EBE7F00D5A6CC /* RegistrationScreen.swift */ = {isa = PBXFileReference; lastKnownFileType = sourcecode.swift; path = RegistrationScreen.swift; sourceTree = "<group>"; };
		0CB5A65B296EBE8700D5A6CC /* RegistrationStore.swift */ = {isa = PBXFileReference; lastKnownFileType = sourcecode.swift; path = RegistrationStore.swift; sourceTree = "<group>"; };
		0CB5A65E296EC22900D5A6CC /* EmailValidator.swift */ = {isa = PBXFileReference; lastKnownFileType = sourcecode.swift; path = EmailValidator.swift; sourceTree = "<group>"; };
		0CB5A660296EC6B800D5A6CC /* AuthenticationError.swift */ = {isa = PBXFileReference; lastKnownFileType = sourcecode.swift; path = AuthenticationError.swift; sourceTree = "<group>"; };
		0CB5A662296ED31100D5A6CC /* HomeScreen.swift */ = {isa = PBXFileReference; lastKnownFileType = sourcecode.swift; path = HomeScreen.swift; sourceTree = "<group>"; };
		0CB5A664296ED33900D5A6CC /* DiscoveredListScreen.swift */ = {isa = PBXFileReference; lastKnownFileType = sourcecode.swift; path = DiscoveredListScreen.swift; sourceTree = "<group>"; };
		0CB5A666296ED36900D5A6CC /* MapScreen.swift */ = {isa = PBXFileReference; lastKnownFileType = sourcecode.swift; path = MapScreen.swift; sourceTree = "<group>"; };
		0CB5A669296ED51D00D5A6CC /* CustomLocationManager.swift */ = {isa = PBXFileReference; lastKnownFileType = sourcecode.swift; path = CustomLocationManager.swift; sourceTree = "<group>"; };
		0CB5A66B296ED5A100D5A6CC /* MapStore.swift */ = {isa = PBXFileReference; lastKnownFileType = sourcecode.swift; path = MapStore.swift; sourceTree = "<group>"; };
		0CB5A66F296F180400D5A6CC /* BrnoLocation.swift */ = {isa = PBXFileReference; lastKnownFileType = sourcecode.swift; path = BrnoLocation.swift; sourceTree = "<group>"; };
		0CBA39A6296DC3300087F023 /* DiscoverableLandmark.swift */ = {isa = PBXFileReference; lastKnownFileType = sourcecode.swift; path = DiscoverableLandmark.swift; sourceTree = "<group>"; };
		0CBA39AA296DC4A70087F023 /* DiscoveredLandmark.swift */ = {isa = PBXFileReference; lastKnownFileType = sourcecode.swift; path = DiscoveredLandmark.swift; sourceTree = "<group>"; };
		0CBA39AC296DD0B00087F023 /* DiContainer.swift */ = {isa = PBXFileReference; lastKnownFileType = sourcecode.swift; path = DiContainer.swift; sourceTree = "<group>"; };
		0CF2120029673747001BBC8D /* DiscoverBrno.app */ = {isa = PBXFileReference; explicitFileType = wrapper.application; includeInIndex = 0; path = DiscoverBrno.app; sourceTree = BUILT_PRODUCTS_DIR; };
		0CF2120329673747001BBC8D /* DiscoverBrnoApp.swift */ = {isa = PBXFileReference; lastKnownFileType = sourcecode.swift; path = DiscoverBrnoApp.swift; sourceTree = "<group>"; };
		0CF2120529673747001BBC8D /* ContentView.swift */ = {isa = PBXFileReference; lastKnownFileType = sourcecode.swift; path = ContentView.swift; sourceTree = "<group>"; };
		0CF2120729673748001BBC8D /* Assets.xcassets */ = {isa = PBXFileReference; lastKnownFileType = folder.assetcatalog; path = Assets.xcassets; sourceTree = "<group>"; };
		0CF2120A29673748001BBC8D /* Preview Assets.xcassets */ = {isa = PBXFileReference; lastKnownFileType = folder.assetcatalog; path = "Preview Assets.xcassets"; sourceTree = "<group>"; };
		0CF2121029673748001BBC8D /* DiscoverBrnoTests.xctest */ = {isa = PBXFileReference; explicitFileType = wrapper.cfbundle; includeInIndex = 0; path = DiscoverBrnoTests.xctest; sourceTree = BUILT_PRODUCTS_DIR; };
		0CF2121429673748001BBC8D /* DiscoverBrnoTests.swift */ = {isa = PBXFileReference; lastKnownFileType = sourcecode.swift; path = DiscoverBrnoTests.swift; sourceTree = "<group>"; };
		0CF2121A29673748001BBC8D /* DiscoverBrnoUITests.xctest */ = {isa = PBXFileReference; explicitFileType = wrapper.cfbundle; includeInIndex = 0; path = DiscoverBrnoUITests.xctest; sourceTree = BUILT_PRODUCTS_DIR; };
		0CF2121E29673748001BBC8D /* DiscoverBrnoUITests.swift */ = {isa = PBXFileReference; lastKnownFileType = sourcecode.swift; path = DiscoverBrnoUITests.swift; sourceTree = "<group>"; };
		0CF2122029673748001BBC8D /* DiscoverBrnoUITestsLaunchTests.swift */ = {isa = PBXFileReference; lastKnownFileType = sourcecode.swift; path = DiscoverBrnoUITestsLaunchTests.swift; sourceTree = "<group>"; };
/* End PBXFileReference section */

/* Begin PBXFrameworksBuildPhase section */
		0CF211FD29673747001BBC8D /* Frameworks */ = {
			isa = PBXFrameworksBuildPhase;
			buildActionMask = 2147483647;
			files = (
				0C1E45DF296795F200936E52 /* RealmSwift in Frameworks */,
				0C1E45DD296795F200936E52 /* Realm in Frameworks */,
			);
			runOnlyForDeploymentPostprocessing = 0;
		};
		0CF2120D29673748001BBC8D /* Frameworks */ = {
			isa = PBXFrameworksBuildPhase;
			buildActionMask = 2147483647;
			files = (
			);
			runOnlyForDeploymentPostprocessing = 0;
		};
		0CF2121729673748001BBC8D /* Frameworks */ = {
			isa = PBXFrameworksBuildPhase;
			buildActionMask = 2147483647;
			files = (
			);
			runOnlyForDeploymentPostprocessing = 0;
		};
/* End PBXFrameworksBuildPhase section */

/* Begin PBXGroup section */
		0C1E45D52967908F00936E52 /* Authentication */ = {
			isa = PBXGroup;
			children = (
				0C1E45D6296790A900936E52 /* LoginScreen.swift */,
				0C1E45E029679E8000936E52 /* LoginStore.swift */,
				0CB5A659296EBE7F00D5A6CC /* RegistrationScreen.swift */,
				0CB5A65B296EBE8700D5A6CC /* RegistrationStore.swift */,
			);
			path = Authentication;
			sourceTree = "<group>";
		};
		0C1E45D82967926C00936E52 /* Realm */ = {
			isa = PBXGroup;
			children = (
				0C1E45D92967927900936E52 /* RealmManager.swift */,
				0CB5A660296EC6B800D5A6CC /* AuthenticationError.swift */,
			);
			path = Realm;
			sourceTree = "<group>";
		};
		0CB3B9F8297054C0000CE1FD /* ImageRecognitionScene */ = {
			isa = PBXGroup;
			children = (
				0CB3B9F9297054E8000CE1FD /* ImageRecognitionScreen.swift */,
				0CB3B9FB2970554C000CE1FD /* ImageRecognitionStore.swift */,
			);
			path = ImageRecognitionScene;
			sourceTree = "<group>";
		};
		0CB5A65D296EC20E00D5A6CC /* Utils */ = {
			isa = PBXGroup;
			children = (
				0CB5A65E296EC22900D5A6CC /* EmailValidator.swift */,
				0CB3B9F629705220000CE1FD /* ImagePicker.swift */,
				0CB3B9FD29706411000CE1FD /* UIImageExtensions.swift */,
			);
			path = Utils;
			sourceTree = "<group>";
		};
		0CB5A668296ED50B00D5A6CC /* Map */ = {
			isa = PBXGroup;
			children = (
				0CB5A669296ED51D00D5A6CC /* CustomLocationManager.swift */,
			);
			path = Map;
			sourceTree = "<group>";
		};
		0CB5A66D296F17F100D5A6CC /* RealmObjects */ = {
			isa = PBXGroup;
			children = (
				0CBA39A6296DC3300087F023 /* DiscoverableLandmark.swift */,
				0CBA39AA296DC4A70087F023 /* DiscoveredLandmark.swift */,
			);
			path = RealmObjects;
			sourceTree = "<group>";
		};
		0CB5A66E296F17FD00D5A6CC /* Map */ = {
			isa = PBXGroup;
			children = (
				0CB5A66F296F180400D5A6CC /* BrnoLocation.swift */,
			);
			path = Map;
			sourceTree = "<group>";
		};
		0CB5A671296F417500D5A6CC /* Views */ = {
			isa = PBXGroup;
			children = (
				0C41F493296F548200ED2D83 /* LandmarkMarker.swift */,
				0CB3B9F029701252000CE1FD /* MapPopupView.swift */,
				0CB3B9F429703AF1000CE1FD /* MapView.swift */,
			);
			path = Views;
			sourceTree = "<group>";
		};
		0CBA39A5296DC31A0087F023 /* Model */ = {
			isa = PBXGroup;
			children = (
				0CB5A66E296F17FD00D5A6CC /* Map */,
				0CB5A66D296F17F100D5A6CC /* RealmObjects */,
			);
			path = Model;
			sourceTree = "<group>";
		};
		0CF211F729673747001BBC8D = {
			isa = PBXGroup;
			children = (
				0CF2120229673747001BBC8D /* DiscoverBrno */,
				0CF2121329673748001BBC8D /* DiscoverBrnoTests */,
				0CF2121D29673748001BBC8D /* DiscoverBrnoUITests */,
				0CF2120129673747001BBC8D /* Products */,
			);
			sourceTree = "<group>";
		};
		0CF2120129673747001BBC8D /* Products */ = {
			isa = PBXGroup;
			children = (
				0CF2120029673747001BBC8D /* DiscoverBrno.app */,
				0CF2121029673748001BBC8D /* DiscoverBrnoTests.xctest */,
				0CF2121A29673748001BBC8D /* DiscoverBrnoUITests.xctest */,
			);
			name = Products;
			sourceTree = "<group>";
		};
		0CF2120229673747001BBC8D /* DiscoverBrno */ = {
			isa = PBXGroup;
			children = (
				0CF2120329673747001BBC8D /* DiscoverBrnoApp.swift */,
				0CF2123029674090001BBC8D /* DI */,
				0C1E45D82967926C00936E52 /* Realm */,
				0CB5A668296ED50B00D5A6CC /* Map */,
				0CBA39A5296DC31A0087F023 /* Model */,
				0CF2122D29673DB0001BBC8D /* Scenes */,
				0CB5A671296F417500D5A6CC /* Views */,
				0CB5A65D296EC20E00D5A6CC /* Utils */,
				0CF2122F29673DC6001BBC8D /* Assets */,
				0CF2120929673748001BBC8D /* Preview Content */,
			);
			path = DiscoverBrno;
			sourceTree = "<group>";
		};
		0CF2120929673748001BBC8D /* Preview Content */ = {
			isa = PBXGroup;
			children = (
				0CF2120A29673748001BBC8D /* Preview Assets.xcassets */,
			);
			path = "Preview Content";
			sourceTree = "<group>";
		};
		0CF2121329673748001BBC8D /* DiscoverBrnoTests */ = {
			isa = PBXGroup;
			children = (
				0CF2121429673748001BBC8D /* DiscoverBrnoTests.swift */,
			);
			path = DiscoverBrnoTests;
			sourceTree = "<group>";
		};
		0CF2121D29673748001BBC8D /* DiscoverBrnoUITests */ = {
			isa = PBXGroup;
			children = (
				0CF2121E29673748001BBC8D /* DiscoverBrnoUITests.swift */,
				0CF2122029673748001BBC8D /* DiscoverBrnoUITestsLaunchTests.swift */,
			);
			path = DiscoverBrnoUITests;
			sourceTree = "<group>";
		};
		0CF2122D29673DB0001BBC8D /* Scenes */ = {
			isa = PBXGroup;
			children = (
				0CF2120529673747001BBC8D /* ContentView.swift */,
				0C1E45E22967A1C300936E52 /* ContentStore.swift */,
				0C1E45D52967908F00936E52 /* Authentication */,
				0CF2123729674215001BBC8D /* Home */,
				0CB3B9F8297054C0000CE1FD /* ImageRecognitionScene */,
				0CF212352967417B001BBC8D /* DiscoveredList */,
				0CF21236296741E4001BBC8D /* Map */,
				0CF2123829674219001BBC8D /* Rewards */,
				0CF212392967422A001BBC8D /* Settings */,
			);
			path = Scenes;
			sourceTree = "<group>";
		};
		0CF2122F29673DC6001BBC8D /* Assets */ = {
			isa = PBXGroup;
			children = (
				0CB2FB6329683DBC002EE069 /* DiscoverBrno.mlmodel */,
				0CF2120729673748001BBC8D /* Assets.xcassets */,
			);
			path = Assets;
			sourceTree = "<group>";
		};
		0CF2123029674090001BBC8D /* DI */ = {
			isa = PBXGroup;
			children = (
				0CBA39AC296DD0B00087F023 /* DiContainer.swift */,
			);
			path = DI;
			sourceTree = "<group>";
		};
		0CF212352967417B001BBC8D /* DiscoveredList */ = {
			isa = PBXGroup;
			children = (
				0CB5A664296ED33900D5A6CC /* DiscoveredListScreen.swift */,
			);
			path = DiscoveredList;
			sourceTree = "<group>";
		};
		0CF21236296741E4001BBC8D /* Map */ = {
			isa = PBXGroup;
			children = (
				0CB5A666296ED36900D5A6CC /* MapScreen.swift */,
				0CB5A66B296ED5A100D5A6CC /* MapStore.swift */,
			);
			path = Map;
			sourceTree = "<group>";
		};
		0CF2123729674215001BBC8D /* Home */ = {
			isa = PBXGroup;
			children = (
				0CB5A662296ED31100D5A6CC /* HomeScreen.swift */,
			);
			path = Home;
			sourceTree = "<group>";
		};
		0CF2123829674219001BBC8D /* Rewards */ = {
			isa = PBXGroup;
			children = (
			);
			path = Rewards;
			sourceTree = "<group>";
		};
		0CF212392967422A001BBC8D /* Settings */ = {
			isa = PBXGroup;
			children = (
			);
			path = Settings;
			sourceTree = "<group>";
		};
/* End PBXGroup section */

/* Begin PBXNativeTarget section */
		0CF211FF29673747001BBC8D /* DiscoverBrno */ = {
			isa = PBXNativeTarget;
			buildConfigurationList = 0CF2122429673748001BBC8D /* Build configuration list for PBXNativeTarget "DiscoverBrno" */;
			buildPhases = (
				0CF211FC29673747001BBC8D /* Sources */,
				0CF211FD29673747001BBC8D /* Frameworks */,
				0CF211FE29673747001BBC8D /* Resources */,
			);
			buildRules = (
			);
			dependencies = (
			);
			name = DiscoverBrno;
			packageProductDependencies = (
				0C1E45DC296795F200936E52 /* Realm */,
				0C1E45DE296795F200936E52 /* RealmSwift */,
			);
			productName = DiscoverBrno;
			productReference = 0CF2120029673747001BBC8D /* DiscoverBrno.app */;
			productType = "com.apple.product-type.application";
		};
		0CF2120F29673748001BBC8D /* DiscoverBrnoTests */ = {
			isa = PBXNativeTarget;
			buildConfigurationList = 0CF2122729673748001BBC8D /* Build configuration list for PBXNativeTarget "DiscoverBrnoTests" */;
			buildPhases = (
				0CF2120C29673748001BBC8D /* Sources */,
				0CF2120D29673748001BBC8D /* Frameworks */,
				0CF2120E29673748001BBC8D /* Resources */,
			);
			buildRules = (
			);
			dependencies = (
				0CF2121229673748001BBC8D /* PBXTargetDependency */,
			);
			name = DiscoverBrnoTests;
			productName = DiscoverBrnoTests;
			productReference = 0CF2121029673748001BBC8D /* DiscoverBrnoTests.xctest */;
			productType = "com.apple.product-type.bundle.unit-test";
		};
		0CF2121929673748001BBC8D /* DiscoverBrnoUITests */ = {
			isa = PBXNativeTarget;
			buildConfigurationList = 0CF2122A29673748001BBC8D /* Build configuration list for PBXNativeTarget "DiscoverBrnoUITests" */;
			buildPhases = (
				0CF2121629673748001BBC8D /* Sources */,
				0CF2121729673748001BBC8D /* Frameworks */,
				0CF2121829673748001BBC8D /* Resources */,
			);
			buildRules = (
			);
			dependencies = (
				0CF2121C29673748001BBC8D /* PBXTargetDependency */,
			);
			name = DiscoverBrnoUITests;
			productName = DiscoverBrnoUITests;
			productReference = 0CF2121A29673748001BBC8D /* DiscoverBrnoUITests.xctest */;
			productType = "com.apple.product-type.bundle.ui-testing";
		};
/* End PBXNativeTarget section */

/* Begin PBXProject section */
		0CF211F829673747001BBC8D /* Project object */ = {
			isa = PBXProject;
			attributes = {
				BuildIndependentTargetsInParallel = 1;
				LastSwiftUpdateCheck = 1420;
				LastUpgradeCheck = 1420;
				TargetAttributes = {
					0CF211FF29673747001BBC8D = {
						CreatedOnToolsVersion = 14.2;
					};
					0CF2120F29673748001BBC8D = {
						CreatedOnToolsVersion = 14.2;
						TestTargetID = 0CF211FF29673747001BBC8D;
					};
					0CF2121929673748001BBC8D = {
						CreatedOnToolsVersion = 14.2;
						TestTargetID = 0CF211FF29673747001BBC8D;
					};
				};
			};
			buildConfigurationList = 0CF211FB29673747001BBC8D /* Build configuration list for PBXProject "DiscoverBrno" */;
			compatibilityVersion = "Xcode 14.0";
			developmentRegion = en;
			hasScannedForEncodings = 0;
			knownRegions = (
				en,
				Base,
			);
			mainGroup = 0CF211F729673747001BBC8D;
			packageReferences = (
				0C1E45DB296795F200936E52 /* XCRemoteSwiftPackageReference "realm-swift" */,
			);
			productRefGroup = 0CF2120129673747001BBC8D /* Products */;
			projectDirPath = "";
			projectRoot = "";
			targets = (
				0CF211FF29673747001BBC8D /* DiscoverBrno */,
				0CF2120F29673748001BBC8D /* DiscoverBrnoTests */,
				0CF2121929673748001BBC8D /* DiscoverBrnoUITests */,
			);
		};
/* End PBXProject section */

/* Begin PBXResourcesBuildPhase section */
		0CF211FE29673747001BBC8D /* Resources */ = {
			isa = PBXResourcesBuildPhase;
			buildActionMask = 2147483647;
			files = (
				0CF2120B29673748001BBC8D /* Preview Assets.xcassets in Resources */,
				0CF2120829673748001BBC8D /* Assets.xcassets in Resources */,
			);
			runOnlyForDeploymentPostprocessing = 0;
		};
		0CF2120E29673748001BBC8D /* Resources */ = {
			isa = PBXResourcesBuildPhase;
			buildActionMask = 2147483647;
			files = (
			);
			runOnlyForDeploymentPostprocessing = 0;
		};
		0CF2121829673748001BBC8D /* Resources */ = {
			isa = PBXResourcesBuildPhase;
			buildActionMask = 2147483647;
			files = (
			);
			runOnlyForDeploymentPostprocessing = 0;
		};
/* End PBXResourcesBuildPhase section */

/* Begin PBXSourcesBuildPhase section */
		0CF211FC29673747001BBC8D /* Sources */ = {
			isa = PBXSourcesBuildPhase;
			buildActionMask = 2147483647;
			files = (
				0CB5A661296EC6B800D5A6CC /* AuthenticationError.swift in Sources */,
				0C1E45E129679E8000936E52 /* LoginStore.swift in Sources */,
				0CB3B9F129701252000CE1FD /* MapPopupView.swift in Sources */,
				0CB5A670296F180400D5A6CC /* BrnoLocation.swift in Sources */,
				0CB5A66C296ED5A100D5A6CC /* MapStore.swift in Sources */,
				0CF2120629673747001BBC8D /* ContentView.swift in Sources */,
				0CB5A65C296EBE8700D5A6CC /* RegistrationStore.swift in Sources */,
				0CBA39AD296DD0B00087F023 /* DiContainer.swift in Sources */,
				0CF2120429673747001BBC8D /* DiscoverBrnoApp.swift in Sources */,
				0CB3B9F529703AF1000CE1FD /* MapView.swift in Sources */,
				0CB5A65F296EC22900D5A6CC /* EmailValidator.swift in Sources */,
				0CBA39A7296DC3300087F023 /* DiscoverableLandmark.swift in Sources */,
				0CBA39AB296DC4A70087F023 /* DiscoveredLandmark.swift in Sources */,
				0CB5A66A296ED51D00D5A6CC /* CustomLocationManager.swift in Sources */,
				0CB5A665296ED33900D5A6CC /* DiscoveredListScreen.swift in Sources */,
				0CB5A65A296EBE7F00D5A6CC /* RegistrationScreen.swift in Sources */,
				0C1E45E32967A1C300936E52 /* ContentStore.swift in Sources */,
				0C41F494296F548200ED2D83 /* LandmarkMarker.swift in Sources */,
				0CB3B9FE29706411000CE1FD /* UIImageExtensions.swift in Sources */,
				0CB5A667296ED36900D5A6CC /* MapScreen.swift in Sources */,
				0CB5A663296ED31100D5A6CC /* HomeScreen.swift in Sources */,
				0CB3B9FA297054E8000CE1FD /* ImageRecognitionScreen.swift in Sources */,
				0CB3B9FC2970554C000CE1FD /* ImageRecognitionStore.swift in Sources */,
				0C1E45D7296790A900936E52 /* LoginScreen.swift in Sources */,
				0CB3B9F729705220000CE1FD /* ImagePicker.swift in Sources */,
				0C1E45DA2967927900936E52 /* RealmManager.swift in Sources */,
				0CB2FB6429683DBC002EE069 /* DiscoverBrno.mlmodel in Sources */,
			);
			runOnlyForDeploymentPostprocessing = 0;
		};
		0CF2120C29673748001BBC8D /* Sources */ = {
			isa = PBXSourcesBuildPhase;
			buildActionMask = 2147483647;
			files = (
				0CF2121529673748001BBC8D /* DiscoverBrnoTests.swift in Sources */,
			);
			runOnlyForDeploymentPostprocessing = 0;
		};
		0CF2121629673748001BBC8D /* Sources */ = {
			isa = PBXSourcesBuildPhase;
			buildActionMask = 2147483647;
			files = (
				0CF2122129673748001BBC8D /* DiscoverBrnoUITestsLaunchTests.swift in Sources */,
				0CF2121F29673748001BBC8D /* DiscoverBrnoUITests.swift in Sources */,
			);
			runOnlyForDeploymentPostprocessing = 0;
		};
/* End PBXSourcesBuildPhase section */

/* Begin PBXTargetDependency section */
		0CF2121229673748001BBC8D /* PBXTargetDependency */ = {
			isa = PBXTargetDependency;
			target = 0CF211FF29673747001BBC8D /* DiscoverBrno */;
			targetProxy = 0CF2121129673748001BBC8D /* PBXContainerItemProxy */;
		};
		0CF2121C29673748001BBC8D /* PBXTargetDependency */ = {
			isa = PBXTargetDependency;
			target = 0CF211FF29673747001BBC8D /* DiscoverBrno */;
			targetProxy = 0CF2121B29673748001BBC8D /* PBXContainerItemProxy */;
		};
/* End PBXTargetDependency section */

/* Begin XCBuildConfiguration section */
		0CF2122229673748001BBC8D /* Debug */ = {
			isa = XCBuildConfiguration;
			buildSettings = {
				ALWAYS_SEARCH_USER_PATHS = NO;
				CLANG_ANALYZER_NONNULL = YES;
				CLANG_ANALYZER_NUMBER_OBJECT_CONVERSION = YES_AGGRESSIVE;
				CLANG_CXX_LANGUAGE_STANDARD = "gnu++20";
				CLANG_ENABLE_MODULES = YES;
				CLANG_ENABLE_OBJC_ARC = YES;
				CLANG_ENABLE_OBJC_WEAK = YES;
				CLANG_WARN_BLOCK_CAPTURE_AUTORELEASING = YES;
				CLANG_WARN_BOOL_CONVERSION = YES;
				CLANG_WARN_COMMA = YES;
				CLANG_WARN_CONSTANT_CONVERSION = YES;
				CLANG_WARN_DEPRECATED_OBJC_IMPLEMENTATIONS = YES;
				CLANG_WARN_DIRECT_OBJC_ISA_USAGE = YES_ERROR;
				CLANG_WARN_DOCUMENTATION_COMMENTS = YES;
				CLANG_WARN_EMPTY_BODY = YES;
				CLANG_WARN_ENUM_CONVERSION = YES;
				CLANG_WARN_INFINITE_RECURSION = YES;
				CLANG_WARN_INT_CONVERSION = YES;
				CLANG_WARN_NON_LITERAL_NULL_CONVERSION = YES;
				CLANG_WARN_OBJC_IMPLICIT_RETAIN_SELF = YES;
				CLANG_WARN_OBJC_LITERAL_CONVERSION = YES;
				CLANG_WARN_OBJC_ROOT_CLASS = YES_ERROR;
				CLANG_WARN_QUOTED_INCLUDE_IN_FRAMEWORK_HEADER = YES;
				CLANG_WARN_RANGE_LOOP_ANALYSIS = YES;
				CLANG_WARN_STRICT_PROTOTYPES = YES;
				CLANG_WARN_SUSPICIOUS_MOVE = YES;
				CLANG_WARN_UNGUARDED_AVAILABILITY = YES_AGGRESSIVE;
				CLANG_WARN_UNREACHABLE_CODE = YES;
				CLANG_WARN__DUPLICATE_METHOD_MATCH = YES;
				COPY_PHASE_STRIP = NO;
				DEBUG_INFORMATION_FORMAT = dwarf;
				ENABLE_STRICT_OBJC_MSGSEND = YES;
				ENABLE_TESTABILITY = YES;
				GCC_C_LANGUAGE_STANDARD = gnu11;
				GCC_DYNAMIC_NO_PIC = NO;
				GCC_NO_COMMON_BLOCKS = YES;
				GCC_OPTIMIZATION_LEVEL = 0;
				GCC_PREPROCESSOR_DEFINITIONS = (
					"DEBUG=1",
					"$(inherited)",
				);
				GCC_WARN_64_TO_32_BIT_CONVERSION = YES;
				GCC_WARN_ABOUT_RETURN_TYPE = YES_ERROR;
				GCC_WARN_UNDECLARED_SELECTOR = YES;
				GCC_WARN_UNINITIALIZED_AUTOS = YES_AGGRESSIVE;
				GCC_WARN_UNUSED_FUNCTION = YES;
				GCC_WARN_UNUSED_VARIABLE = YES;
				IPHONEOS_DEPLOYMENT_TARGET = 16.2;
				MTL_ENABLE_DEBUG_INFO = INCLUDE_SOURCE;
				MTL_FAST_MATH = YES;
				ONLY_ACTIVE_ARCH = YES;
				SDKROOT = iphoneos;
				SWIFT_ACTIVE_COMPILATION_CONDITIONS = DEBUG;
				SWIFT_OPTIMIZATION_LEVEL = "-Onone";
			};
			name = Debug;
		};
		0CF2122329673748001BBC8D /* Release */ = {
			isa = XCBuildConfiguration;
			buildSettings = {
				ALWAYS_SEARCH_USER_PATHS = NO;
				CLANG_ANALYZER_NONNULL = YES;
				CLANG_ANALYZER_NUMBER_OBJECT_CONVERSION = YES_AGGRESSIVE;
				CLANG_CXX_LANGUAGE_STANDARD = "gnu++20";
				CLANG_ENABLE_MODULES = YES;
				CLANG_ENABLE_OBJC_ARC = YES;
				CLANG_ENABLE_OBJC_WEAK = YES;
				CLANG_WARN_BLOCK_CAPTURE_AUTORELEASING = YES;
				CLANG_WARN_BOOL_CONVERSION = YES;
				CLANG_WARN_COMMA = YES;
				CLANG_WARN_CONSTANT_CONVERSION = YES;
				CLANG_WARN_DEPRECATED_OBJC_IMPLEMENTATIONS = YES;
				CLANG_WARN_DIRECT_OBJC_ISA_USAGE = YES_ERROR;
				CLANG_WARN_DOCUMENTATION_COMMENTS = YES;
				CLANG_WARN_EMPTY_BODY = YES;
				CLANG_WARN_ENUM_CONVERSION = YES;
				CLANG_WARN_INFINITE_RECURSION = YES;
				CLANG_WARN_INT_CONVERSION = YES;
				CLANG_WARN_NON_LITERAL_NULL_CONVERSION = YES;
				CLANG_WARN_OBJC_IMPLICIT_RETAIN_SELF = YES;
				CLANG_WARN_OBJC_LITERAL_CONVERSION = YES;
				CLANG_WARN_OBJC_ROOT_CLASS = YES_ERROR;
				CLANG_WARN_QUOTED_INCLUDE_IN_FRAMEWORK_HEADER = YES;
				CLANG_WARN_RANGE_LOOP_ANALYSIS = YES;
				CLANG_WARN_STRICT_PROTOTYPES = YES;
				CLANG_WARN_SUSPICIOUS_MOVE = YES;
				CLANG_WARN_UNGUARDED_AVAILABILITY = YES_AGGRESSIVE;
				CLANG_WARN_UNREACHABLE_CODE = YES;
				CLANG_WARN__DUPLICATE_METHOD_MATCH = YES;
				COPY_PHASE_STRIP = NO;
				DEBUG_INFORMATION_FORMAT = "dwarf-with-dsym";
				ENABLE_NS_ASSERTIONS = NO;
				ENABLE_STRICT_OBJC_MSGSEND = YES;
				GCC_C_LANGUAGE_STANDARD = gnu11;
				GCC_NO_COMMON_BLOCKS = YES;
				GCC_WARN_64_TO_32_BIT_CONVERSION = YES;
				GCC_WARN_ABOUT_RETURN_TYPE = YES_ERROR;
				GCC_WARN_UNDECLARED_SELECTOR = YES;
				GCC_WARN_UNINITIALIZED_AUTOS = YES_AGGRESSIVE;
				GCC_WARN_UNUSED_FUNCTION = YES;
				GCC_WARN_UNUSED_VARIABLE = YES;
				IPHONEOS_DEPLOYMENT_TARGET = 16.2;
				MTL_ENABLE_DEBUG_INFO = NO;
				MTL_FAST_MATH = YES;
				SDKROOT = iphoneos;
				SWIFT_COMPILATION_MODE = wholemodule;
				SWIFT_OPTIMIZATION_LEVEL = "-O";
				VALIDATE_PRODUCT = YES;
			};
			name = Release;
		};
		0CF2122529673748001BBC8D /* Debug */ = {
			isa = XCBuildConfiguration;
			buildSettings = {
				ASSETCATALOG_COMPILER_APPICON_NAME = AppIcon;
				ASSETCATALOG_COMPILER_GLOBAL_ACCENT_COLOR_NAME = AccentColor;
				CODE_SIGN_STYLE = Automatic;
				CURRENT_PROJECT_VERSION = 1;
				DEVELOPMENT_ASSET_PATHS = "\"DiscoverBrno/Preview Content\"";
				DEVELOPMENT_TEAM = T2932BL6Z3;
				ENABLE_PREVIEWS = YES;
				GENERATE_INFOPLIST_FILE = YES;
				INFOPLIST_KEY_NSCameraUsageDescription = "You must allow camera permissions to access camera from withing Discover Brno";
				INFOPLIST_KEY_NSLocationWhenInUseUsageDescription = "Discover Brno needs location permissions to work properly";
				INFOPLIST_KEY_UIApplicationSceneManifest_Generation = YES;
				INFOPLIST_KEY_UIApplicationSupportsIndirectInputEvents = YES;
				INFOPLIST_KEY_UILaunchScreen_Generation = YES;
				INFOPLIST_KEY_UISupportedInterfaceOrientations_iPad = "UIInterfaceOrientationPortrait UIInterfaceOrientationPortraitUpsideDown UIInterfaceOrientationLandscapeLeft UIInterfaceOrientationLandscapeRight";
				INFOPLIST_KEY_UISupportedInterfaceOrientations_iPhone = "UIInterfaceOrientationPortrait UIInterfaceOrientationLandscapeLeft UIInterfaceOrientationLandscapeRight";
				IPHONEOS_DEPLOYMENT_TARGET = 16.0;
				LD_RUNPATH_SEARCH_PATHS = (
					"$(inherited)",
					"@executable_path/Frameworks",
				);
				MARKETING_VERSION = 1.0;
				PRODUCT_BUNDLE_IDENTIFIER = cz.mendelu.xmusil5.DiscoverBrno;
				PRODUCT_NAME = "$(TARGET_NAME)";
				SWIFT_EMIT_LOC_STRINGS = YES;
				SWIFT_VERSION = 5.0;
				TARGETED_DEVICE_FAMILY = "1,2";
			};
			name = Debug;
		};
		0CF2122629673748001BBC8D /* Release */ = {
			isa = XCBuildConfiguration;
			buildSettings = {
				ASSETCATALOG_COMPILER_APPICON_NAME = AppIcon;
				ASSETCATALOG_COMPILER_GLOBAL_ACCENT_COLOR_NAME = AccentColor;
				CODE_SIGN_STYLE = Automatic;
				CURRENT_PROJECT_VERSION = 1;
				DEVELOPMENT_ASSET_PATHS = "\"DiscoverBrno/Preview Content\"";
				DEVELOPMENT_TEAM = T2932BL6Z3;
				ENABLE_PREVIEWS = YES;
				GENERATE_INFOPLIST_FILE = YES;
				INFOPLIST_KEY_NSCameraUsageDescription = "You must allow camera permissions to access camera from withing Discover Brno";
				INFOPLIST_KEY_NSLocationWhenInUseUsageDescription = "Discover Brno needs location permissions to work properly";
				INFOPLIST_KEY_UIApplicationSceneManifest_Generation = YES;
				INFOPLIST_KEY_UIApplicationSupportsIndirectInputEvents = YES;
				INFOPLIST_KEY_UILaunchScreen_Generation = YES;
				INFOPLIST_KEY_UISupportedInterfaceOrientations_iPad = "UIInterfaceOrientationPortrait UIInterfaceOrientationPortraitUpsideDown UIInterfaceOrientationLandscapeLeft UIInterfaceOrientationLandscapeRight";
				INFOPLIST_KEY_UISupportedInterfaceOrientations_iPhone = "UIInterfaceOrientationPortrait UIInterfaceOrientationLandscapeLeft UIInterfaceOrientationLandscapeRight";
				IPHONEOS_DEPLOYMENT_TARGET = 16.0;
				LD_RUNPATH_SEARCH_PATHS = (
					"$(inherited)",
					"@executable_path/Frameworks",
				);
				MARKETING_VERSION = 1.0;
				PRODUCT_BUNDLE_IDENTIFIER = cz.mendelu.xmusil5.DiscoverBrno;
				PRODUCT_NAME = "$(TARGET_NAME)";
				SWIFT_EMIT_LOC_STRINGS = YES;
				SWIFT_VERSION = 5.0;
				TARGETED_DEVICE_FAMILY = "1,2";
			};
			name = Release;
		};
		0CF2122829673748001BBC8D /* Debug */ = {
			isa = XCBuildConfiguration;
			buildSettings = {
				ALWAYS_EMBED_SWIFT_STANDARD_LIBRARIES = YES;
				BUNDLE_LOADER = "$(TEST_HOST)";
				CODE_SIGN_STYLE = Automatic;
				CURRENT_PROJECT_VERSION = 1;
				DEVELOPMENT_TEAM = T2932BL6Z3;
				GENERATE_INFOPLIST_FILE = YES;
				IPHONEOS_DEPLOYMENT_TARGET = 16.2;
				MARKETING_VERSION = 1.0;
				PRODUCT_BUNDLE_IDENTIFIER = cz.mendelu.xmusil5.DiscoverBrnoTests;
				PRODUCT_NAME = "$(TARGET_NAME)";
				SWIFT_EMIT_LOC_STRINGS = NO;
				SWIFT_VERSION = 5.0;
				TARGETED_DEVICE_FAMILY = "1,2";
				TEST_HOST = "$(BUILT_PRODUCTS_DIR)/DiscoverBrno.app/$(BUNDLE_EXECUTABLE_FOLDER_PATH)/DiscoverBrno";
			};
			name = Debug;
		};
		0CF2122929673748001BBC8D /* Release */ = {
			isa = XCBuildConfiguration;
			buildSettings = {
				ALWAYS_EMBED_SWIFT_STANDARD_LIBRARIES = YES;
				BUNDLE_LOADER = "$(TEST_HOST)";
				CODE_SIGN_STYLE = Automatic;
				CURRENT_PROJECT_VERSION = 1;
				DEVELOPMENT_TEAM = T2932BL6Z3;
				GENERATE_INFOPLIST_FILE = YES;
				IPHONEOS_DEPLOYMENT_TARGET = 16.2;
				MARKETING_VERSION = 1.0;
				PRODUCT_BUNDLE_IDENTIFIER = cz.mendelu.xmusil5.DiscoverBrnoTests;
				PRODUCT_NAME = "$(TARGET_NAME)";
				SWIFT_EMIT_LOC_STRINGS = NO;
				SWIFT_VERSION = 5.0;
				TARGETED_DEVICE_FAMILY = "1,2";
				TEST_HOST = "$(BUILT_PRODUCTS_DIR)/DiscoverBrno.app/$(BUNDLE_EXECUTABLE_FOLDER_PATH)/DiscoverBrno";
			};
			name = Release;
		};
		0CF2122B29673748001BBC8D /* Debug */ = {
			isa = XCBuildConfiguration;
			buildSettings = {
				ALWAYS_EMBED_SWIFT_STANDARD_LIBRARIES = YES;
				CODE_SIGN_STYLE = Automatic;
				CURRENT_PROJECT_VERSION = 1;
				DEVELOPMENT_TEAM = T2932BL6Z3;
				GENERATE_INFOPLIST_FILE = YES;
				MARKETING_VERSION = 1.0;
				PRODUCT_BUNDLE_IDENTIFIER = cz.mendelu.xmusil5.DiscoverBrnoUITests;
				PRODUCT_NAME = "$(TARGET_NAME)";
				SWIFT_EMIT_LOC_STRINGS = NO;
				SWIFT_VERSION = 5.0;
				TARGETED_DEVICE_FAMILY = "1,2";
				TEST_TARGET_NAME = DiscoverBrno;
			};
			name = Debug;
		};
		0CF2122C29673748001BBC8D /* Release */ = {
			isa = XCBuildConfiguration;
			buildSettings = {
				ALWAYS_EMBED_SWIFT_STANDARD_LIBRARIES = YES;
				CODE_SIGN_STYLE = Automatic;
				CURRENT_PROJECT_VERSION = 1;
				DEVELOPMENT_TEAM = T2932BL6Z3;
				GENERATE_INFOPLIST_FILE = YES;
				MARKETING_VERSION = 1.0;
				PRODUCT_BUNDLE_IDENTIFIER = cz.mendelu.xmusil5.DiscoverBrnoUITests;
				PRODUCT_NAME = "$(TARGET_NAME)";
				SWIFT_EMIT_LOC_STRINGS = NO;
				SWIFT_VERSION = 5.0;
				TARGETED_DEVICE_FAMILY = "1,2";
				TEST_TARGET_NAME = DiscoverBrno;
			};
			name = Release;
		};
/* End XCBuildConfiguration section */

/* Begin XCConfigurationList section */
		0CF211FB29673747001BBC8D /* Build configuration list for PBXProject "DiscoverBrno" */ = {
			isa = XCConfigurationList;
			buildConfigurations = (
				0CF2122229673748001BBC8D /* Debug */,
				0CF2122329673748001BBC8D /* Release */,
			);
			defaultConfigurationIsVisible = 0;
			defaultConfigurationName = Release;
		};
		0CF2122429673748001BBC8D /* Build configuration list for PBXNativeTarget "DiscoverBrno" */ = {
			isa = XCConfigurationList;
			buildConfigurations = (
				0CF2122529673748001BBC8D /* Debug */,
				0CF2122629673748001BBC8D /* Release */,
			);
			defaultConfigurationIsVisible = 0;
			defaultConfigurationName = Release;
		};
		0CF2122729673748001BBC8D /* Build configuration list for PBXNativeTarget "DiscoverBrnoTests" */ = {
			isa = XCConfigurationList;
			buildConfigurations = (
				0CF2122829673748001BBC8D /* Debug */,
				0CF2122929673748001BBC8D /* Release */,
			);
			defaultConfigurationIsVisible = 0;
			defaultConfigurationName = Release;
		};
		0CF2122A29673748001BBC8D /* Build configuration list for PBXNativeTarget "DiscoverBrnoUITests" */ = {
			isa = XCConfigurationList;
			buildConfigurations = (
				0CF2122B29673748001BBC8D /* Debug */,
				0CF2122C29673748001BBC8D /* Release */,
			);
			defaultConfigurationIsVisible = 0;
			defaultConfigurationName = Release;
		};
/* End XCConfigurationList section */

/* Begin XCRemoteSwiftPackageReference section */
		0C1E45DB296795F200936E52 /* XCRemoteSwiftPackageReference "realm-swift" */ = {
			isa = XCRemoteSwiftPackageReference;
			repositoryURL = "https://github.com/realm/realm-swift";
			requirement = {
				branch = master;
				kind = branch;
			};
		};
/* End XCRemoteSwiftPackageReference section */

/* Begin XCSwiftPackageProductDependency section */
		0C1E45DC296795F200936E52 /* Realm */ = {
			isa = XCSwiftPackageProductDependency;
			package = 0C1E45DB296795F200936E52 /* XCRemoteSwiftPackageReference "realm-swift" */;
			productName = Realm;
		};
		0C1E45DE296795F200936E52 /* RealmSwift */ = {
			isa = XCSwiftPackageProductDependency;
			package = 0C1E45DB296795F200936E52 /* XCRemoteSwiftPackageReference "realm-swift" */;
			productName = RealmSwift;
		};
/* End XCSwiftPackageProductDependency section */
	};
	rootObject = 0CF211F829673747001BBC8D /* Project object */;
}
